
Microsoft Visual Studio Solution File, Format Version 11.00
# Visual Studio 2010
Project("{FAE04EC0-301F-11D3-BF4B-00C04F79EFBC}") = "Banking", "Banking\Banking.csproj", "{DB75D14E-4C96-490A-BBE9-57F62CE0FE5D}"
EndProject
Global
	GlobalSection(SolutionConfigurationPlatforms) = preSolution
		Debug|Any CPU = Debug|Any CPU
		Release|Any CPU = Release|Any CPU
	EndGlobalSection
	GlobalSection(ProjectConfigurationPlatforms) = postSolution
		{DB75D14E-4C96-490A-BBE9-57F62CE0FE5D}.Debug|Any CPU.ActiveCfg = Debug|Any CPU
		{DB75D14E-4C96-490A-BBE9-57F62CE0FE5D}.Debug|Any CPU.Build.0 = Debug|Any CPU
		{DB75D14E-4C96-490A-BBE9-57F62CE0FE5D}.Release|Any CPU.ActiveCfg = Release|Any CPU
		{DB75D14E-4C96-490A-BBE9-57F62CE0FE5D}.Release|Any CPU.Build.0 = Release|Any CPU
	EndGlobalSection
	GlobalSection(SolutionProperties) = preSolution
		HideSolutionNode = FALSE
	EndGlobalSection
EndGlobal
